
Microsoft Visual Studio Solution File, Format Version 12.00
# Visual Studio Version 17
VisualStudioVersion = 17.13.35919.96 d17.13
MinimumVisualStudioVersion = 10.0.40219.1
Project("{FAE04EC0-301F-11D3-BF4B-00C04F79EFBC}") = "Pengingat Agenda App", "Pengingat Agenda App.csproj", "{9030A00A-4CD2-4774-8E77-D6B9F47BB84D}"
EndProject
Global
	GlobalSection(SolutionConfigurationPlatforms) = preSolution
		Debug|Any CPU = Debug|Any CPU
		Release|Any CPU = Release|Any CPU
	EndGlobalSection
	GlobalSection(ProjectConfigurationPlatforms) = postSolution
		{9030A00A-4CD2-4774-8E77-D6B9F47BB84D}.Debug|Any CPU.ActiveCfg = Debug|Any CPU
		{9030A00A-4CD2-4774-8E77-D6B9F47BB84D}.Debug|Any CPU.Build.0 = Debug|Any CPU
		{9030A00A-4CD2-4774-8E77-D6B9F47BB84D}.Release|Any CPU.ActiveCfg = Release|Any CPU
		{9030A00A-4CD2-4774-8E77-D6B9F47BB84D}.Release|Any CPU.Build.0 = Release|Any CPU
	EndGlobalSection
	GlobalSection(SolutionProperties) = preSolution
		HideSolutionNode = FALSE
	EndGlobalSection
	GlobalSection(ExtensibilityGlobals) = postSolution
		SolutionGuid = {E1B1D889-99BD-4B1B-9B08-2DB9033FF2A2}
	EndGlobalSection
EndGlobal
